
Microsoft Visual Studio Solution File, Format Version 12.00
# Visual Studio Version 16
VisualStudioVersion = 16.0.31613.86
MinimumVisualStudioVersion = 10.0.40219.1
Project("{FAE04EC0-301F-11D3-BF4B-00C04F79EFBC}") = "RemoteControlCLI", "RemoteControlCLI\RemoteControlCLI.csproj", "{17F1A628-CE4D-451E-92E9-DB50F9E433C5}"
EndProject
Global
	GlobalSection(SolutionConfigurationPlatforms) = preSolution
		Debug|Any CPU = Debug|Any CPU
		Release|Any CPU = Release|Any CPU
	EndGlobalSection
	GlobalSection(ProjectConfigurationPlatforms) = postSolution
		{17F1A628-CE4D-451E-92E9-DB50F9E433C5}.Debug|Any CPU.ActiveCfg = Debug|Any CPU
		{17F1A628-CE4D-451E-92E9-DB50F9E433C5}.Debug|Any CPU.Build.0 = Debug|Any CPU
		{17F1A628-CE4D-451E-92E9-DB50F9E433C5}.Release|Any CPU.ActiveCfg = Release|Any CPU
		{17F1A628-CE4D-451E-92E9-DB50F9E433C5}.Release|Any CPU.Build.0 = Release|Any CPU
	EndGlobalSection
	GlobalSection(SolutionProperties) = preSolution
		HideSolutionNode = FALSE
	EndGlobalSection
	GlobalSection(ExtensibilityGlobals) = postSolution
		SolutionGuid = {5051AD66-7776-422F-8CF0-0158036F3506}
	EndGlobalSection
EndGlobal
